
Microsoft Visual Studio Solution File, Format Version 12.00
# Visual Studio Version 16
VisualStudioVersion = 16.0.31624.102
MinimumVisualStudioVersion = 10.0.40219.1
Project("{FAE04EC0-301F-11D3-BF4B-00C04F79EFBC}") = "SF.Practices_17_6_6", "SF.Practices_17_6_6\SF.Practices_17_6_6.csproj", "{472AD020-6E25-4F32-A777-3E8A387394B6}"
EndProject
Global
	GlobalSection(SolutionConfigurationPlatforms) = preSolution
		Debug|Any CPU = Debug|Any CPU
		Release|Any CPU = Release|Any CPU
	EndGlobalSection
	GlobalSection(ProjectConfigurationPlatforms) = postSolution
		{472AD020-6E25-4F32-A777-3E8A387394B6}.Debug|Any CPU.ActiveCfg = Debug|Any CPU
		{472AD020-6E25-4F32-A777-3E8A387394B6}.Debug|Any CPU.Build.0 = Debug|Any CPU
		{472AD020-6E25-4F32-A777-3E8A387394B6}.Release|Any CPU.ActiveCfg = Release|Any CPU
		{472AD020-6E25-4F32-A777-3E8A387394B6}.Release|Any CPU.Build.0 = Release|Any CPU
	EndGlobalSection
	GlobalSection(SolutionProperties) = preSolution
		HideSolutionNode = FALSE
	EndGlobalSection
	GlobalSection(ExtensibilityGlobals) = postSolution
		SolutionGuid = {8C1FE736-39DF-4207-9C07-B7A85587BDE2}
	EndGlobalSection
EndGlobal
